
Microsoft Visual Studio Solution File, Format Version 12.00
# Visual Studio Version 16
VisualStudioVersion = 16.0.30907.101
MinimumVisualStudioVersion = 10.0.40219.1
Project("{FAE04EC0-301F-11D3-BF4B-00C04F79EFBC}") = "Courses Notes", "Courses Notes\Courses Notes.csproj", "{80779EEC-E310-4F55-890B-5A93AC8B1A00}"
EndProject
Global
	GlobalSection(SolutionConfigurationPlatforms) = preSolution
		Debug|Any CPU = Debug|Any CPU
		Release|Any CPU = Release|Any CPU
	EndGlobalSection
	GlobalSection(ProjectConfigurationPlatforms) = postSolution
		{80779EEC-E310-4F55-890B-5A93AC8B1A00}.Debug|Any CPU.ActiveCfg = Debug|Any CPU
		{80779EEC-E310-4F55-890B-5A93AC8B1A00}.Debug|Any CPU.Build.0 = Debug|Any CPU
		{80779EEC-E310-4F55-890B-5A93AC8B1A00}.Release|Any CPU.ActiveCfg = Release|Any CPU
		{80779EEC-E310-4F55-890B-5A93AC8B1A00}.Release|Any CPU.Build.0 = Release|Any CPU
	EndGlobalSection
	GlobalSection(SolutionProperties) = preSolution
		HideSolutionNode = FALSE
	EndGlobalSection
	GlobalSection(ExtensibilityGlobals) = postSolution
		SolutionGuid = {E17D4D98-671B-4BFD-9378-0BDB1B2C32FE}
	EndGlobalSection
EndGlobal
